
Microsoft Visual Studio Solution File, Format Version 12.00
# Visual Studio Version 16
VisualStudioVersion = 16.0.32901.82
MinimumVisualStudioVersion = 10.0.40219.1
Project("{FAE04EC0-301F-11D3-BF4B-00C04F79EFBC}") = "SZTF1HF0017_MK8A80", "SZTF1HF0017_MK8A80\SZTF1HF0017_MK8A80.csproj", "{6FF2043D-F680-4D26-AF42-BC57DFB7C264}"
EndProject
Global
	GlobalSection(SolutionConfigurationPlatforms) = preSolution
		Debug|Any CPU = Debug|Any CPU
		Release|Any CPU = Release|Any CPU
	EndGlobalSection
	GlobalSection(ProjectConfigurationPlatforms) = postSolution
		{6FF2043D-F680-4D26-AF42-BC57DFB7C264}.Debug|Any CPU.ActiveCfg = Debug|Any CPU
		{6FF2043D-F680-4D26-AF42-BC57DFB7C264}.Debug|Any CPU.Build.0 = Debug|Any CPU
		{6FF2043D-F680-4D26-AF42-BC57DFB7C264}.Release|Any CPU.ActiveCfg = Release|Any CPU
		{6FF2043D-F680-4D26-AF42-BC57DFB7C264}.Release|Any CPU.Build.0 = Release|Any CPU
	EndGlobalSection
	GlobalSection(SolutionProperties) = preSolution
		HideSolutionNode = FALSE
	EndGlobalSection
	GlobalSection(ExtensibilityGlobals) = postSolution
		SolutionGuid = {7913C31F-48DA-487D-A20A-5F517A7275E9}
	EndGlobalSection
EndGlobal
